github.com/naegelejd/go-acl v0.0.0-20200406162857-ebe394c522e5 h1:R10+S1Knv6udBjyDYU84+zD5R8qLWg7wSH/ddhJSzX4=
github.com/naegelejd/go-acl v0.0.0-20200406162857-ebe394c522e5/go.mod h1:nMzsOoQWESVMF6s+hAF8Qnc14fUIpL7pfmGm6MV8B2g=
github.com/pelletier/go-toml/v2 v2.2.4 h1:mye9XuhQ6gvn5h28+VilKrrPoQVanw5PMw/TB0t5Ec4=
github.com/pelletier/go-toml/v2 v2.2.4/go.mod h1:2gIqNv+qfxSVS7cM2xJQKtLSTLUE9V8t9Stt+h56mCY=
